
Microsoft Visual Studio Solution File, Format Version 10.00
# Visual Studio 2008
Project("{F184B08F-C81C-45F6-A57F-5ABD9991F28F}") = "OpenSesameClient", "OpenSesameClient\OpenSesameClient.vbproj", "{6071CC1A-9369-4D71-A872-9254F1A7B4B6}"
EndProject
Global
	GlobalSection(SolutionConfigurationPlatforms) = preSolution
		Debug|Any CPU = Debug|Any CPU
		Release|Any CPU = Release|Any CPU
	EndGlobalSection
	GlobalSection(ProjectConfigurationPlatforms) = postSolution
		{6071CC1A-9369-4D71-A872-9254F1A7B4B6}.Debug|Any CPU.ActiveCfg = Debug|Any CPU
		{6071CC1A-9369-4D71-A872-9254F1A7B4B6}.Debug|Any CPU.Build.0 = Debug|Any CPU
		{6071CC1A-9369-4D71-A872-9254F1A7B4B6}.Release|Any CPU.ActiveCfg = Release|Any CPU
		{6071CC1A-9369-4D71-A872-9254F1A7B4B6}.Release|Any CPU.Build.0 = Release|Any CPU
	EndGlobalSection
	GlobalSection(SolutionProperties) = preSolution
		HideSolutionNode = FALSE
	EndGlobalSection
EndGlobal
